{
  "name": "solpar",
  "version": "0.1.0",
  "lockfileVersion": 1,
  "requires": true,
  "dependencies": {
    "solidity-parser-antlr": {
      "version": "0.4.11",
      "resolved": "https://registry.npmjs.org/solidity-parser-antlr/-/solidity-parser-antlr-0.4.11.tgz",
      "integrity": "sha512-4jtxasNGmyC0midtjH/lTFPZYvTTUMy6agYcF+HoMnzW8+cqo3piFrINb4ZCzpPW+7tTVFCGa5ubP34zOzeuMg=="
    }
  }
}
